
Microsoft Visual Studio Solution File, Format Version 12.00
Project("{FAE04EC0-301F-11D3-BF4B-00C04F79EFBC}") = "Entities", "Entities\Entities.csproj", "{185A4517-BFE1-44A2-BC54-612D073B1972}"
EndProject
Project("{FAE04EC0-301F-11D3-BF4B-00C04F79EFBC}") = "DataAccess", "DataAccess\DataAccess.csproj", "{443D8CB3-8309-4038-8142-E79C9DFB7B51}"
EndProject
Project("{FAE04EC0-301F-11D3-BF4B-00C04F79EFBC}") = "Business", "Business\Business.csproj", "{BF33EA00-A597-4667-80CE-E18449D687A1}"
EndProject
Project("{FAE04EC0-301F-11D3-BF4B-00C04F79EFBC}") = "ConsoleUI", "ConsoleUI\ConsoleUI.csproj", "{743B3A01-5DC4-4FEF-9AF3-1B046A71274C}"
EndProject
Global
	GlobalSection(SolutionConfigurationPlatforms) = preSolution
		Debug|Any CPU = Debug|Any CPU
		Release|Any CPU = Release|Any CPU
	EndGlobalSection
	GlobalSection(ProjectConfigurationPlatforms) = postSolution
		{185A4517-BFE1-44A2-BC54-612D073B1972}.Debug|Any CPU.ActiveCfg = Debug|Any CPU
		{185A4517-BFE1-44A2-BC54-612D073B1972}.Debug|Any CPU.Build.0 = Debug|Any CPU
		{185A4517-BFE1-44A2-BC54-612D073B1972}.Release|Any CPU.ActiveCfg = Release|Any CPU
		{185A4517-BFE1-44A2-BC54-612D073B1972}.Release|Any CPU.Build.0 = Release|Any CPU
		{443D8CB3-8309-4038-8142-E79C9DFB7B51}.Debug|Any CPU.ActiveCfg = Debug|Any CPU
		{443D8CB3-8309-4038-8142-E79C9DFB7B51}.Debug|Any CPU.Build.0 = Debug|Any CPU
		{443D8CB3-8309-4038-8142-E79C9DFB7B51}.Release|Any CPU.ActiveCfg = Release|Any CPU
		{443D8CB3-8309-4038-8142-E79C9DFB7B51}.Release|Any CPU.Build.0 = Release|Any CPU
		{BF33EA00-A597-4667-80CE-E18449D687A1}.Debug|Any CPU.ActiveCfg = Debug|Any CPU
		{BF33EA00-A597-4667-80CE-E18449D687A1}.Debug|Any CPU.Build.0 = Debug|Any CPU
		{BF33EA00-A597-4667-80CE-E18449D687A1}.Release|Any CPU.ActiveCfg = Release|Any CPU
		{BF33EA00-A597-4667-80CE-E18449D687A1}.Release|Any CPU.Build.0 = Release|Any CPU
		{743B3A01-5DC4-4FEF-9AF3-1B046A71274C}.Debug|Any CPU.ActiveCfg = Debug|Any CPU
		{743B3A01-5DC4-4FEF-9AF3-1B046A71274C}.Debug|Any CPU.Build.0 = Debug|Any CPU
		{743B3A01-5DC4-4FEF-9AF3-1B046A71274C}.Release|Any CPU.ActiveCfg = Release|Any CPU
		{743B3A01-5DC4-4FEF-9AF3-1B046A71274C}.Release|Any CPU.Build.0 = Release|Any CPU
	EndGlobalSection
EndGlobal
